// !$*UTF8*$!
{
	archiveVersion = 1;
	classes = {
	};
	objectVersion = 50;
	objects = {

/* Begin PBXBuildFile section */
		C8C733AE2538F21800ED6DD9 /* AppDelegate.swift in Sources */ = {isa = PBXBuildFile; fileRef = C8C733AD2538F21800ED6DD9 /* AppDelegate.swift */; };
		C8C733B02538F21800ED6DD9 /* SceneDelegate.swift in Sources */ = {isa = PBXBuildFile; fileRef = C8C733AF2538F21800ED6DD9 /* SceneDelegate.swift */; };
		C8C733B22538F21800ED6DD9 /* ViewController.swift in Sources */ = {isa = PBXBuildFile; fileRef = C8C733B12538F21800ED6DD9 /* ViewController.swift */; };
		C8C733B52538F21800ED6DD9 /* Main.storyboard in Resources */ = {isa = PBXBuildFile; fileRef = C8C733B32538F21800ED6DD9 /* Main.storyboard */; };
		C8C733B72538F21C00ED6DD9 /* Assets.xcassets in Resources */ = {isa = PBXBuildFile; fileRef = C8C733B62538F21C00ED6DD9 /* Assets.xcassets */; };
		C8C733BA2538F21C00ED6DD9 /* LaunchScreen.storyboard in Resources */ = {isa = PBXBuildFile; fileRef = C8C733B82538F21C00ED6DD9 /* LaunchScreen.storyboard */; };
		C8C733C52538F21C00ED6DD9 /* TipPalTests.swift in Sources */ = {isa = PBXBuildFile; fileRef = C8C733C42538F21C00ED6DD9 /* TipPalTests.swift */; };
		C8C733D02538F21C00ED6DD9 /* TipPalUITests.swift in Sources */ = {isa = PBXBuildFile; fileRef = C8C733CF2538F21C00ED6DD9 /* TipPalUITests.swift */; };
/* End PBXBuildFile section */

/* Begin PBXContainerItemProxy section */
		C8C733C12538F21C00ED6DD9 /* PBXContainerItemProxy */ = {
			isa = PBXContainerItemProxy;
			containerPortal = C8C733A22538F21800ED6DD9 /* Project object */;
			proxyType = 1;
			remoteGlobalIDString = C8C733A92538F21800ED6DD9;
			remoteInfo = TipPal;
		};
		C8C733CC2538F21C00ED6DD9 /* PBXContainerItemProxy */ = {
			isa = PBXContainerItemProxy;
			containerPortal = C8C733A22538F21800ED6DD9 /* Project object */;
			proxyType = 1;
			remoteGlobalIDString = C8C733A92538F21800ED6DD9;
			remoteInfo = TipPal;
		};
/* End PBXContainerItemProxy section */

/* Begin PBXFileReference section */
		C8C733AA2538F21800ED6DD9 /* TipPal.app */ = {isa = PBXFileReference; explicitFileType = wrapper.application; includeInIndex = 0; path = TipPal.app; sourceTree = BUILT_PRODUCTS_DIR; };
		C8C733AD2538F21800ED6DD9 /* AppDelegate.swift */ = {isa = PBXFileReference; lastKnownFileType = sourcecode.swift; path = AppDelegate.swift; sourceTree = "<group>"; };
		C8C733AF2538F21800ED6DD9 /* SceneDelegate.swift */ = {isa = PBXFileReference; lastKnownFileType = sourcecode.swift; path = SceneDelegate.swift; sourceTree = "<group>"; };
		C8C733B12538F21800ED6DD9 /* ViewController.swift */ = {isa = PBXFileReference; lastKnownFileType = sourcecode.swift; path = ViewController.swift; sourceTree = "<group>"; };
		C8C733B42538F21800ED6DD9 /* Base */ = {isa = PBXFileReference; lastKnownFileType = file.storyboard; name = Base; path = Base.lproj/Main.storyboard; sourceTree = "<group>"; };
		C8C733B62538F21C00ED6DD9 /* Assets.xcassets */ = {isa = PBXFileReference; lastKnownFileType = folder.assetcatalog; path = Assets.xcassets; sourceTree = "<group>"; };
		C8C733B92538F21C00ED6DD9 /* Base */ = {isa = PBXFileReference; lastKnownFileType = file.storyboard; name = Base; path = Base.lproj/LaunchScreen.storyboard; sourceTree = "<group>"; };
		C8C733BB2538F21C00ED6DD9 /* Info.plist */ = {isa = PBXFileReference; lastKnownFileType = text.plist.xml; path = Info.plist; sourceTree = "<group>"; };
		C8C733C02538F21C00ED6DD9 /* TipPalTests.xctest */ = {isa = PBXFileReference; explicitFileType = wrapper.cfbundle; includeInIndex = 0; path = TipPalTests.xctest; sourceTree = BUILT_PRODUCTS_DIR; };
		C8C733C42538F21C00ED6DD9 /* TipPalTests.swift */ = {isa = PBXFileReference; lastKnownFileType = sourcecode.swift; path = TipPalTests.swift; sourceTree = "<group>"; };
		C8C733C62538F21C00ED6DD9 /* Info.plist */ = {isa = PBXFileReference; lastKnownFileType = text.plist.xml; path = Info.plist; sourceTree = "<group>"; };
		C8C733CB2538F21C00ED6DD9 /* TipPalUITests.xctest */ = {isa = PBXFileReference; explicitFileType = wrapper.cfbundle; includeInIndex = 0; path = TipPalUITests.xctest; sourceTree = BUILT_PRODUCTS_DIR; };
		C8C733CF2538F21C00ED6DD9 /* TipPalUITests.swift */ = {isa = PBXFileReference; lastKnownFileType = sourcecode.swift; path = TipPalUITests.swift; sourceTree = "<group>"; };
		C8C733D12538F21C00ED6DD9 /* Info.plist */ = {isa = PBXFileReference; lastKnownFileType = text.plist.xml; path = Info.plist; sourceTree = "<group>"; };
/* End PBXFileReference section */

/* Begin PBXFrameworksBuildPhase section */
		C8C733A72538F21800ED6DD9 /* Frameworks */ = {
			isa = PBXFrameworksBuildPhase;
			buildActionMask = 2147483647;
			files = (
			);
			runOnlyForDeploymentPostprocessing = 0;
		};
		C8C733BD2538F21C00ED6DD9 /* Frameworks */ = {
			isa = PBXFrameworksBuildPhase;
			buildActionMask = 2147483647;
			files = (
			);
			runOnlyForDeploymentPostprocessing = 0;
		};
		C8C733C82538F21C00ED6DD9 /* Frameworks */ = {
			isa = PBXFrameworksBuildPhase;
			buildActionMask = 2147483647;
			files = (
			);
			runOnlyForDeploymentPostprocessing = 0;
		};
/* End PBXFrameworksBuildPhase section */

/* Begin PBXGroup section */
		C8C733A12538F21800ED6DD9 = {
			isa = PBXGroup;
			children = (
				C8C733AC2538F21800ED6DD9 /* TipPal */,
				C8C733C32538F21C00ED6DD9 /* TipPalTests */,
				C8C733CE2538F21C00ED6DD9 /* TipPalUITests */,
				C8C733AB2538F21800ED6DD9 /* Products */,
			);
			sourceTree = "<group>";
		};
		C8C733AB2538F21800ED6DD9 /* Products */ = {
			isa = PBXGroup;
			children = (
				C8C733AA2538F21800ED6DD9 /* TipPal.app */,
				C8C733C02538F21C00ED6DD9 /* TipPalTests.xctest */,
				C8C733CB2538F21C00ED6DD9 /* TipPalUITests.xctest */,
			);
			name = Products;
			sourceTree = "<group>";
		};
		C8C733AC2538F21800ED6DD9 /* TipPal */ = {
			isa = PBXGroup;
			children = (
				C8C733AD2538F21800ED6DD9 /* AppDelegate.swift */,
				C8C733AF2538F21800ED6DD9 /* SceneDelegate.swift */,
				C8C733B12538F21800ED6DD9 /* ViewController.swift */,
				C8C733B32538F21800ED6DD9 /* Main.storyboard */,
				C8C733B62538F21C00ED6DD9 /* Assets.xcassets */,
				C8C733B82538F21C00ED6DD9 /* LaunchScreen.storyboard */,
				C8C733BB2538F21C00ED6DD9 /* Info.plist */,
			);
			path = TipPal;
			sourceTree = "<group>";
		};
		C8C733C32538F21C00ED6DD9 /* TipPalTests */ = {
			isa = PBXGroup;
			children = (
				C8C733C42538F21C00ED6DD9 /* TipPalTests.swift */,
				C8C733C62538F21C00ED6DD9 /* Info.plist */,
			);
			path = TipPalTests;
			sourceTree = "<group>";
		};
		C8C733CE2538F21C00ED6DD9 /* TipPalUITests */ = {
			isa = PBXGroup;
			children = (
				C8C733CF2538F21C00ED6DD9 /* TipPalUITests.swift */,
				C8C733D12538F21C00ED6DD9 /* Info.plist */,
			);
			path = TipPalUITests;
			sourceTree = "<group>";
		};
/* End PBXGroup section */

/* Begin PBXNativeTarget section */
		C8C733A92538F21800ED6DD9 /* TipPal */ = {
			isa = PBXNativeTarget;
			buildConfigurationList = C8C733D42538F21C00ED6DD9 /* Build configuration list for PBXNativeTarget "TipPal" */;
			buildPhases = (
				C8C733A62538F21800ED6DD9 /* Sources */,
				C8C733A72538F21800ED6DD9 /* Frameworks */,
				C8C733A82538F21800ED6DD9 /* Resources */,
			);
			buildRules = (
			);
			dependencies = (
			);
			name = TipPal;
			productName = TipPal;
			productReference = C8C733AA2538F21800ED6DD9 /* TipPal.app */;
			productType = "com.apple.product-type.application";
		};
		C8C733BF2538F21C00ED6DD9 /* TipPalTests */ = {
			isa = PBXNativeTarget;
			buildConfigurationList = C8C733D72538F21C00ED6DD9 /* Build configuration list for PBXNativeTarget "TipPalTests" */;
			buildPhases = (
				C8C733BC2538F21C00ED6DD9 /* Sources */,
				C8C733BD2538F21C00ED6DD9 /* Frameworks */,
				C8C733BE2538F21C00ED6DD9 /* Resources */,
			);
			buildRules = (
			);
			dependencies = (
				C8C733C22538F21C00ED6DD9 /* PBXTargetDependency */,
			);
			name = TipPalTests;
			productName = TipPalTests;
			productReference = C8C733C02538F21C00ED6DD9 /* TipPalTests.xctest */;
			productType = "com.apple.product-type.bundle.unit-test";
		};
		C8C733CA2538F21C00ED6DD9 /* TipPalUITests */ = {
			isa = PBXNativeTarget;
			buildConfigurationList = C8C733DA2538F21C00ED6DD9 /* Build configuration list for PBXNativeTarget "TipPalUITests" */;
			buildPhases = (
				C8C733C72538F21C00ED6DD9 /* Sources */,
				C8C733C82538F21C00ED6DD9 /* Frameworks */,
				C8C733C92538F21C00ED6DD9 /* Resources */,
			);
			buildRules = (
			);
			dependencies = (
				C8C733CD2538F21C00ED6DD9 /* PBXTargetDependency */,
			);
			name = TipPalUITests;
			productName = TipPalUITests;
			productReference = C8C733CB2538F21C00ED6DD9 /* TipPalUITests.xctest */;
			productType = "com.apple.product-type.bundle.ui-testing";
		};
/* End PBXNativeTarget section */

/* Begin PBXProject section */
		C8C733A22538F21800ED6DD9 /* Project object */ = {
			isa = PBXProject;
			attributes = {
				LastSwiftUpdateCheck = 1200;
				LastUpgradeCheck = 1200;
				TargetAttributes = {
					C8C733A92538F21800ED6DD9 = {
						CreatedOnToolsVersion = 12.0.1;
					};
					C8C733BF2538F21C00ED6DD9 = {
						CreatedOnToolsVersion = 12.0.1;
						TestTargetID = C8C733A92538F21800ED6DD9;
					};
					C8C733CA2538F21C00ED6DD9 = {
						CreatedOnToolsVersion = 12.0.1;
						TestTargetID = C8C733A92538F21800ED6DD9;
					};
				};
			};
			buildConfigurationList = C8C733A52538F21800ED6DD9 /* Build configuration list for PBXProject "TipPal" */;
			compatibilityVersion = "Xcode 9.3";
			developmentRegion = en;
			hasScannedForEncodings = 0;
			knownRegions = (
				en,
				Base,
			);
			mainGroup = C8C733A12538F21800ED6DD9;
			productRefGroup = C8C733AB2538F21800ED6DD9 /* Products */;
			projectDirPath = "";
			projectRoot = "";
			targets = (
				C8C733A92538F21800ED6DD9 /* TipPal */,
				C8C733BF2538F21C00ED6DD9 /* TipPalTests */,
				C8C733CA2538F21C00ED6DD9 /* TipPalUITests */,
			);
		};
/* End PBXProject section */

/* Begin PBXResourcesBuildPhase section */
		C8C733A82538F21800ED6DD9 /* Resources */ = {
			isa = PBXResourcesBuildPhase;
			buildActionMask = 2147483647;
			files = (
				C8C733BA2538F21C00ED6DD9 /* LaunchScreen.storyboard in Resources */,
				C8C733B72538F21C00ED6DD9 /* Assets.xcassets in Resources */,
				C8C733B52538F21800ED6DD9 /* Main.storyboard in Resources */,
			);
			runOnlyForDeploymentPostprocessing = 0;
		};
		C8C733BE2538F21C00ED6DD9 /* Resources */ = {
			isa = PBXResourcesBuildPhase;
			buildActionMask = 2147483647;
			files = (
			);
			runOnlyForDeploymentPostprocessing = 0;
		};
		C8C733C92538F21C00ED6DD9 /* Resources */ = {
			isa = PBXResourcesBuildPhase;
			buildActionMask = 2147483647;
			files = (
			);
			runOnlyForDeploymentPostprocessing = 0;
		};
/* End PBXResourcesBuildPhase section */

/* Begin PBXSourcesBuildPhase section */
		C8C733A62538F21800ED6DD9 /* Sources */ = {
			isa = PBXSourcesBuildPhase;
			buildActionMask = 2147483647;
			files = (
				C8C733B22538F21800ED6DD9 /* ViewController.swift in Sources */,
				C8C733AE2538F21800ED6DD9 /* AppDelegate.swift in Sources */,
				C8C733B02538F21800ED6DD9 /* SceneDelegate.swift in Sources */,
			);
			runOnlyForDeploymentPostprocessing = 0;
		};
		C8C733BC2538F21C00ED6DD9 /* Sources */ = {
			isa = PBXSourcesBuildPhase;
			buildActionMask = 2147483647;
			files = (
				C8C733C52538F21C00ED6DD9 /* TipPalTests.swift in Sources */,
			);
			runOnlyForDeploymentPostprocessing = 0;
		};
		C8C733C72538F21C00ED6DD9 /* Sources */ = {
			isa = PBXSourcesBuildPhase;
			buildActionMask = 2147483647;
			files = (
				C8C733D02538F21C00ED6DD9 /* TipPalUITests.swift in Sources */,
			);
			runOnlyForDeploymentPostprocessing = 0;
		};
/* End PBXSourcesBuildPhase section */

/* Begin PBXTargetDependency section */
		C8C733C22538F21C00ED6DD9 /* PBXTargetDependency */ = {
			isa = PBXTargetDependency;
			target = C8C733A92538F21800ED6DD9 /* TipPal */;
			targetProxy = C8C733C12538F21C00ED6DD9 /* PBXContainerItemProxy */;
		};
		C8C733CD2538F21C00ED6DD9 /* PBXTargetDependency */ = {
			isa = PBXTargetDependency;
			target = C8C733A92538F21800ED6DD9 /* TipPal */;
			targetProxy = C8C733CC2538F21C00ED6DD9 /* PBXContainerItemProxy */;
		};
/* End PBXTargetDependency section */

/* Begin PBXVariantGroup section */
		C8C733B32538F21800ED6DD9 /* Main.storyboard */ = {
			isa = PBXVariantGroup;
			children = (
				C8C733B42538F21800ED6DD9 /* Base */,
			);
			name = Main.storyboard;
			sourceTree = "<group>";
		};
		C8C733B82538F21C00ED6DD9 /* LaunchScreen.storyboard */ = {
			isa = PBXVariantGroup;
			children = (
				C8C733B92538F21C00ED6DD9 /* Base */,
			);
			name = LaunchScreen.storyboard;
			sourceTree = "<group>";
		};
/* End PBXVariantGroup section */

/* Begin XCBuildConfiguration section */
		C8C733D22538F21C00ED6DD9 /* Debug */ = {
			isa = XCBuildConfiguration;
			buildSettings = {
				ALWAYS_SEARCH_USER_PATHS = NO;
				CLANG_ANALYZER_NONNULL = YES;
				CLANG_ANALYZER_NUMBER_OBJECT_CONVERSION = YES_AGGRESSIVE;
				CLANG_CXX_LANGUAGE_STANDARD = "gnu++14";
				CLANG_CXX_LIBRARY = "libc++";
				CLANG_ENABLE_MODULES = YES;
				CLANG_ENABLE_OBJC_ARC = YES;
				CLANG_ENABLE_OBJC_WEAK = YES;
				CLANG_WARN_BLOCK_CAPTURE_AUTORELEASING = YES;
				CLANG_WARN_BOOL_CONVERSION = YES;
				CLANG_WARN_COMMA = YES;
				CLANG_WARN_CONSTANT_CONVERSION = YES;
				CLANG_WARN_DEPRECATED_OBJC_IMPLEMENTATIONS = YES;
				CLANG_WARN_DIRECT_OBJC_ISA_USAGE = YES_ERROR;
				CLANG_WARN_DOCUMENTATION_COMMENTS = YES;
				CLANG_WARN_EMPTY_BODY = YES;
				CLANG_WARN_ENUM_CONVERSION = YES;
				CLANG_WARN_INFINITE_RECURSION = YES;
				CLANG_WARN_INT_CONVERSION = YES;
				CLANG_WARN_NON_LITERAL_NULL_CONVERSION = YES;
				CLANG_WARN_OBJC_IMPLICIT_RETAIN_SELF = YES;
				CLANG_WARN_OBJC_LITERAL_CONVERSION = YES;
				CLANG_WARN_OBJC_ROOT_CLASS = YES_ERROR;
				CLANG_WARN_QUOTED_INCLUDE_IN_FRAMEWORK_HEADER = YES;
				CLANG_WARN_RANGE_LOOP_ANALYSIS = YES;
				CLANG_WARN_STRICT_PROTOTYPES = YES;
				CLANG_WARN_SUSPICIOUS_MOVE = YES;
				CLANG_WARN_UNGUARDED_AVAILABILITY = YES_AGGRESSIVE;
				CLANG_WARN_UNREACHABLE_CODE = YES;
				CLANG_WARN__DUPLICATE_METHOD_MATCH = YES;
				COPY_PHASE_STRIP = NO;
				DEBUG_INFORMATION_FORMAT = dwarf;
				ENABLE_STRICT_OBJC_MSGSEND = YES;
				ENABLE_TESTABILITY = YES;
				GCC_C_LANGUAGE_STANDARD = gnu11;
				GCC_DYNAMIC_NO_PIC = NO;
				GCC_NO_COMMON_BLOCKS = YES;
				GCC_OPTIMIZATION_LEVEL = 0;
				GCC_PREPROCESSOR_DEFINITIONS = (
					"DEBUG=1",
					"$(inherited)",
				);
				GCC_WARN_64_TO_32_BIT_CONVERSION = YES;
				GCC_WARN_ABOUT_RETURN_TYPE = YES_ERROR;
				GCC_WARN_UNDECLARED_SELECTOR = YES;
				GCC_WARN_UNINITIALIZED_AUTOS = YES_AGGRESSIVE;
				GCC_WARN_UNUSED_FUNCTION = YES;
				GCC_WARN_UNUSED_VARIABLE = YES;
				IPHONEOS_DEPLOYMENT_TARGET = 14.0;
				MTL_ENABLE_DEBUG_INFO = INCLUDE_SOURCE;
				MTL_FAST_MATH = YES;
				ONLY_ACTIVE_ARCH = YES;
				SDKROOT = iphoneos;
				SWIFT_ACTIVE_COMPILATION_CONDITIONS = DEBUG;
				SWIFT_OPTIMIZATION_LEVEL = "-Onone";
			};
			name = Debug;
		};
		C8C733D32538F21C00ED6DD9 /* Release */ = {
			isa = XCBuildConfiguration;
			buildSettings = {
				ALWAYS_SEARCH_USER_PATHS = NO;
				CLANG_ANALYZER_NONNULL = YES;
				CLANG_ANALYZER_NUMBER_OBJECT_CONVERSION = YES_AGGRESSIVE;
				CLANG_CXX_LANGUAGE_STANDARD = "gnu++14";
				CLANG_CXX_LIBRARY = "libc++";
				CLANG_ENABLE_MODULES = YES;
				CLANG_ENABLE_OBJC_ARC = YES;
				CLANG_ENABLE_OBJC_WEAK = YES;
				CLANG_WARN_BLOCK_CAPTURE_AUTORELEASING = YES;
				CLANG_WARN_BOOL_CONVERSION = YES;
				CLANG_WARN_COMMA = YES;
				CLANG_WARN_CONSTANT_CONVERSION = YES;
				CLANG_WARN_DEPRECATED_OBJC_IMPLEMENTATIONS = YES;
				CLANG_WARN_DIRECT_OBJC_ISA_USAGE = YES_ERROR;
				CLANG_WARN_DOCUMENTATION_COMMENTS = YES;
				CLANG_WARN_EMPTY_BODY = YES;
				CLANG_WARN_ENUM_CONVERSION = YES;
				CLANG_WARN_INFINITE_RECURSION = YES;
				CLANG_WARN_INT_CONVERSION = YES;
				CLANG_WARN_NON_LITERAL_NULL_CONVERSION = YES;
				CLANG_WARN_OBJC_IMPLICIT_RETAIN_SELF = YES;
				CLANG_WARN_OBJC_LITERAL_CONVERSION = YES;
				CLANG_WARN_OBJC_ROOT_CLASS = YES_ERROR;
				CLANG_WARN_QUOTED_INCLUDE_IN_FRAMEWORK_HEADER = YES;
				CLANG_WARN_RANGE_LOOP_ANALYSIS = YES;
				CLANG_WARN_STRICT_PROTOTYPES = YES;
				CLANG_WARN_SUSPICIOUS_MOVE = YES;
				CLANG_WARN_UNGUARDED_AVAILABILITY = YES_AGGRESSIVE;
				CLANG_WARN_UNREACHABLE_CODE = YES;
				CLANG_WARN__DUPLICATE_METHOD_MATCH = YES;
				COPY_PHASE_STRIP = NO;
				DEBUG_INFORMATION_FORMAT = "dwarf-with-dsym";
				ENABLE_NS_ASSERTIONS = NO;
				ENABLE_STRICT_OBJC_MSGSEND = YES;
				GCC_C_LANGUAGE_STANDARD = gnu11;
				GCC_NO_COMMON_BLOCKS = YES;
				GCC_WARN_64_TO_32_BIT_CONVERSION = YES;
				GCC_WARN_ABOUT_RETURN_TYPE = YES_ERROR;
				GCC_WARN_UNDECLARED_SELECTOR = YES;
				GCC_WARN_UNINITIALIZED_AUTOS = YES_AGGRESSIVE;
				GCC_WARN_UNUSED_FUNCTION = YES;
				GCC_WARN_UNUSED_VARIABLE = YES;
				IPHONEOS_DEPLOYMENT_TARGET = 14.0;
				MTL_ENABLE_DEBUG_INFO = NO;
				MTL_FAST_MATH = YES;
				SDKROOT = iphoneos;
				SWIFT_COMPILATION_MODE = wholemodule;
				SWIFT_OPTIMIZATION_LEVEL = "-O";
				VALIDATE_PRODUCT = YES;
			};
			name = Release;
		};
		C8C733D52538F21C00ED6DD9 /* Debug */ = {
			isa = XCBuildConfiguration;
			buildSettings = {
				ASSETCATALOG_COMPILER_APPICON_NAME = AppIcon;
				ASSETCATALOG_COMPILER_GLOBAL_ACCENT_COLOR_NAME = AccentColor;
				CODE_SIGN_STYLE = Automatic;
				INFOPLIST_FILE = TipPal/Info.plist;
				LD_RUNPATH_SEARCH_PATHS = (
					"$(inherited)",
					"@executable_path/Frameworks",
				);
				PRODUCT_BUNDLE_IDENTIFIER = LaunchDeck.TipPal;
				PRODUCT_NAME = "$(TARGET_NAME)";
				SWIFT_VERSION = 5.0;
				TARGETED_DEVICE_FAMILY = "1,2";
			};
			name = Debug;
		};
		C8C733D62538F21C00ED6DD9 /* Release */ = {
			isa = XCBuildConfiguration;
			buildSettings = {
				ASSETCATALOG_COMPILER_APPICON_NAME = AppIcon;
				ASSETCATALOG_COMPILER_GLOBAL_ACCENT_COLOR_NAME = AccentColor;
				CODE_SIGN_STYLE = Automatic;
				INFOPLIST_FILE = TipPal/Info.plist;
				LD_RUNPATH_SEARCH_PATHS = (
					"$(inherited)",
					"@executable_path/Frameworks",
				);
				PRODUCT_BUNDLE_IDENTIFIER = LaunchDeck.TipPal;
				PRODUCT_NAME = "$(TARGET_NAME)";
				SWIFT_VERSION = 5.0;
				TARGETED_DEVICE_FAMILY = "1,2";
			};
			name = Release;
		};
		C8C733D82538F21C00ED6DD9 /* Debug */ = {
			isa = XCBuildConfiguration;
			buildSettings = {
				ALWAYS_EMBED_SWIFT_STANDARD_LIBRARIES = YES;
				BUNDLE_LOADER = "$(TEST_HOST)";
				CODE_SIGN_STYLE = Automatic;
				INFOPLIST_FILE = TipPalTests/Info.plist;
				IPHONEOS_DEPLOYMENT_TARGET = 14.0;
				LD_RUNPATH_SEARCH_PATHS = (
					"$(inherited)",
					"@executable_path/Frameworks",
					"@loader_path/Frameworks",
				);
				PRODUCT_BUNDLE_IDENTIFIER = LaunchDeck.TipPalTests;
				PRODUCT_NAME = "$(TARGET_NAME)";
				SWIFT_VERSION = 5.0;
				TARGETED_DEVICE_FAMILY = "1,2";
				TEST_HOST = "$(BUILT_PRODUCTS_DIR)/TipPal.app/TipPal";
			};
			name = Debug;
		};
		C8C733D92538F21C00ED6DD9 /* Release */ = {
			isa = XCBuildConfiguration;
			buildSettings = {
				ALWAYS_EMBED_SWIFT_STANDARD_LIBRARIES = YES;
				BUNDLE_LOADER = "$(TEST_HOST)";
				CODE_SIGN_STYLE = Automatic;
				INFOPLIST_FILE = TipPalTests/Info.plist;
				IPHONEOS_DEPLOYMENT_TARGET = 14.0;
				LD_RUNPATH_SEARCH_PATHS = (
					"$(inherited)",
					"@executable_path/Frameworks",
					"@loader_path/Frameworks",
				);
				PRODUCT_BUNDLE_IDENTIFIER = LaunchDeck.TipPalTests;
				PRODUCT_NAME = "$(TARGET_NAME)";
				SWIFT_VERSION = 5.0;
				TARGETED_DEVICE_FAMILY = "1,2";
				TEST_HOST = "$(BUILT_PRODUCTS_DIR)/TipPal.app/TipPal";
			};
			name = Release;
		};
		C8C733DB2538F21C00ED6DD9 /* Debug */ = {
			isa = XCBuildConfiguration;
			buildSettings = {
				ALWAYS_EMBED_SWIFT_STANDARD_LIBRARIES = YES;
				CODE_SIGN_STYLE = Automatic;
				INFOPLIST_FILE = TipPalUITests/Info.plist;
				LD_RUNPATH_SEARCH_PATHS = (
					"$(inherited)",
					"@executable_path/Frameworks",
					"@loader_path/Frameworks",
				);
				PRODUCT_BUNDLE_IDENTIFIER = LaunchDeck.TipPalUITests;
				PRODUCT_NAME = "$(TARGET_NAME)";
				SWIFT_VERSION = 5.0;
				TARGETED_DEVICE_FAMILY = "1,2";
				TEST_TARGET_NAME = TipPal;
			};
			name = Debug;
		};
		C8C733DC2538F21C00ED6DD9 /* Release */ = {
			isa = XCBuildConfiguration;
			buildSettings = {
				ALWAYS_EMBED_SWIFT_STANDARD_LIBRARIES = YES;
				CODE_SIGN_STYLE = Automatic;
				INFOPLIST_FILE = TipPalUITests/Info.plist;
				LD_RUNPATH_SEARCH_PATHS = (
					"$(inherited)",
					"@executable_path/Frameworks",
					"@loader_path/Frameworks",
				);
				PRODUCT_BUNDLE_IDENTIFIER = LaunchDeck.TipPalUITests;
				PRODUCT_NAME = "$(TARGET_NAME)";
				SWIFT_VERSION = 5.0;
				TARGETED_DEVICE_FAMILY = "1,2";
				TEST_TARGET_NAME = TipPal;
			};
			name = Release;
		};
/* End XCBuildConfiguration section */

/* Begin XCConfigurationList section */
		C8C733A52538F21800ED6DD9 /* Build configuration list for PBXProject "TipPal" */ = {
			isa = XCConfigurationList;
			buildConfigurations = (
				C8C733D22538F21C00ED6DD9 /* Debug */,
				C8C733D32538F21C00ED6DD9 /* Release */,
			);
			defaultConfigurationIsVisible = 0;
			defaultConfigurationName = Release;
		};
		C8C733D42538F21C00ED6DD9 /* Build configuration list for PBXNativeTarget "TipPal" */ = {
			isa = XCConfigurationList;
			buildConfigurations = (
				C8C733D52538F21C00ED6DD9 /* Debug */,
				C8C733D62538F21C00ED6DD9 /* Release */,
			);
			defaultConfigurationIsVisible = 0;
			defaultConfigurationName = Release;
		};
		C8C733D72538F21C00ED6DD9 /* Build configuration list for PBXNativeTarget "TipPalTests" */ = {
			isa = XCConfigurationList;
			buildConfigurations = (
				C8C733D82538F21C00ED6DD9 /* Debug */,
				C8C733D92538F21C00ED6DD9 /* Release */,
			);
			defaultConfigurationIsVisible = 0;
			defaultConfigurationName = Release;
		};
		C8C733DA2538F21C00ED6DD9 /* Build configuration list for PBXNativeTarget "TipPalUITests" */ = {
			isa = XCConfigurationList;
			buildConfigurations = (
				C8C733DB2538F21C00ED6DD9 /* Debug */,
				C8C733DC2538F21C00ED6DD9 /* Release */,
			);
			defaultConfigurationIsVisible = 0;
			defaultConfigurationName = Release;
		};
/* End XCConfigurationList section */
	};
	rootObject = C8C733A22538F21800ED6DD9 /* Project object */;
}
